
Microsoft Visual Studio Solution File, Format Version 12.00
# Visual Studio Version 16
VisualStudioVersion = 16.0.29215.179
MinimumVisualStudioVersion = 10.0.40219.1
Project("{9A19103F-16F7-4668-BE54-9A1E7A4F7556}") = "TariffComparison.Web", "TariffComparison.Web\TariffComparison.Web.csproj", "{AD747AB7-9A30-49B0-B3CF-24CEBA5C9127}"
EndProject
Project("{9A19103F-16F7-4668-BE54-9A1E7A4F7556}") = "TariffComparison.Persistence", "TariffComparison.Persistence\TariffComparison.Persistence.csproj", "{FAA11D8D-D363-4691-AC29-4B1B77B374AE}"
EndProject
Project("{FAE04EC0-301F-11D3-BF4B-00C04F79EFBC}") = "TariffComparison.Persistence.Tests", "TariffComparison.Persistence.Tests\TariffComparison.Persistence.Tests.csproj", "{F1938C3D-7A84-44C8-BE86-0FAD61021D67}"
EndProject
Project("{FAE04EC0-301F-11D3-BF4B-00C04F79EFBC}") = "TariffComparison.Web.Tests", "TariffComparison.Web.Tests\TariffComparison.Web.Tests.csproj", "{3A9FF466-E8C4-48F2-8617-1589E49E2766}"
EndProject
Global
	GlobalSection(SolutionConfigurationPlatforms) = preSolution
		Debug|Any CPU = Debug|Any CPU
		Release|Any CPU = Release|Any CPU
	EndGlobalSection
	GlobalSection(ProjectConfigurationPlatforms) = postSolution
		{AD747AB7-9A30-49B0-B3CF-24CEBA5C9127}.Debug|Any CPU.ActiveCfg = Debug|Any CPU
		{AD747AB7-9A30-49B0-B3CF-24CEBA5C9127}.Debug|Any CPU.Build.0 = Debug|Any CPU
		{AD747AB7-9A30-49B0-B3CF-24CEBA5C9127}.Release|Any CPU.ActiveCfg = Release|Any CPU
		{AD747AB7-9A30-49B0-B3CF-24CEBA5C9127}.Release|Any CPU.Build.0 = Release|Any CPU
		{FAA11D8D-D363-4691-AC29-4B1B77B374AE}.Debug|Any CPU.ActiveCfg = Debug|Any CPU
		{FAA11D8D-D363-4691-AC29-4B1B77B374AE}.Debug|Any CPU.Build.0 = Debug|Any CPU
		{FAA11D8D-D363-4691-AC29-4B1B77B374AE}.Release|Any CPU.ActiveCfg = Release|Any CPU
		{FAA11D8D-D363-4691-AC29-4B1B77B374AE}.Release|Any CPU.Build.0 = Release|Any CPU
		{F1938C3D-7A84-44C8-BE86-0FAD61021D67}.Debug|Any CPU.ActiveCfg = Debug|Any CPU
		{F1938C3D-7A84-44C8-BE86-0FAD61021D67}.Debug|Any CPU.Build.0 = Debug|Any CPU
		{F1938C3D-7A84-44C8-BE86-0FAD61021D67}.Release|Any CPU.ActiveCfg = Release|Any CPU
		{F1938C3D-7A84-44C8-BE86-0FAD61021D67}.Release|Any CPU.Build.0 = Release|Any CPU
		{3A9FF466-E8C4-48F2-8617-1589E49E2766}.Debug|Any CPU.ActiveCfg = Debug|Any CPU
		{3A9FF466-E8C4-48F2-8617-1589E49E2766}.Debug|Any CPU.Build.0 = Debug|Any CPU
		{3A9FF466-E8C4-48F2-8617-1589E49E2766}.Release|Any CPU.ActiveCfg = Release|Any CPU
		{3A9FF466-E8C4-48F2-8617-1589E49E2766}.Release|Any CPU.Build.0 = Release|Any CPU
	EndGlobalSection
	GlobalSection(SolutionProperties) = preSolution
		HideSolutionNode = FALSE
	EndGlobalSection
	GlobalSection(ExtensibilityGlobals) = postSolution
		SolutionGuid = {EAFBC6A4-46E4-4C05-8D1D-FF2B175FD8F3}
	EndGlobalSection
EndGlobal
